
Microsoft Visual Studio Solution File, Format Version 12.00
# Visual Studio Version 16
VisualStudioVersion = 16.0.28922.388
MinimumVisualStudioVersion = 10.0.40219.1
Project("{FAE04EC0-301F-11D3-BF4B-00C04F79EFBC}") = "PizzaCostSasha", "PizzaCostSasha\PizzaCostSasha.csproj", "{5576ADE0-D36C-493D-8633-1C4B8B398274}"
EndProject
Global
	GlobalSection(SolutionConfigurationPlatforms) = preSolution
		Debug|Any CPU = Debug|Any CPU
		Release|Any CPU = Release|Any CPU
	EndGlobalSection
	GlobalSection(ProjectConfigurationPlatforms) = postSolution
		{5576ADE0-D36C-493D-8633-1C4B8B398274}.Debug|Any CPU.ActiveCfg = Debug|Any CPU
		{5576ADE0-D36C-493D-8633-1C4B8B398274}.Debug|Any CPU.Build.0 = Debug|Any CPU
		{5576ADE0-D36C-493D-8633-1C4B8B398274}.Release|Any CPU.ActiveCfg = Release|Any CPU
		{5576ADE0-D36C-493D-8633-1C4B8B398274}.Release|Any CPU.Build.0 = Release|Any CPU
	EndGlobalSection
	GlobalSection(SolutionProperties) = preSolution
		HideSolutionNode = FALSE
	EndGlobalSection
	GlobalSection(ExtensibilityGlobals) = postSolution
		SolutionGuid = {54C1F46C-507E-424B-9861-1D9F2E6B7ADB}
	EndGlobalSection
EndGlobal
